
Microsoft Visual Studio Solution File, Format Version 12.00
# Visual Studio Version 16
VisualStudioVersion = 16.0.30309.148
MinimumVisualStudioVersion = 10.0.40219.1
Project("{9A19103F-16F7-4668-BE54-9A1E7A4F7556}") = "ProductControlAPI", "ControleProdutosWEBAPI\ProductControlAPI.csproj", "{268C5B98-3344-4C75-A690-B2F5BA1BE5AD}"
EndProject
Global
	GlobalSection(SolutionConfigurationPlatforms) = preSolution
		Debug|Any CPU = Debug|Any CPU
		Release|Any CPU = Release|Any CPU
	EndGlobalSection
	GlobalSection(ProjectConfigurationPlatforms) = postSolution
		{268C5B98-3344-4C75-A690-B2F5BA1BE5AD}.Debug|Any CPU.ActiveCfg = Debug|Any CPU
		{268C5B98-3344-4C75-A690-B2F5BA1BE5AD}.Debug|Any CPU.Build.0 = Debug|Any CPU
		{268C5B98-3344-4C75-A690-B2F5BA1BE5AD}.Release|Any CPU.ActiveCfg = Release|Any CPU
		{268C5B98-3344-4C75-A690-B2F5BA1BE5AD}.Release|Any CPU.Build.0 = Release|Any CPU
	EndGlobalSection
	GlobalSection(SolutionProperties) = preSolution
		HideSolutionNode = FALSE
	EndGlobalSection
	GlobalSection(ExtensibilityGlobals) = postSolution
		SolutionGuid = {4A60D99E-1C0B-468A-9C52-D0E830839C4A}
	EndGlobalSection
EndGlobal
